
Microsoft Visual Studio Solution File, Format Version 12.00
# Visual Studio Version 17
VisualStudioVersion = 17.9.34607.119
MinimumVisualStudioVersion = 10.0.40219.1
Project("{FAE04EC0-301F-11D3-BF4B-00C04F79EFBC}") = "mesgulluqBackend", "mesgulluqBackend\mesgulluqBackend.csproj", "{C65E7552-4657-4FDE-8A43-B35392C11622}"
EndProject
Global
	GlobalSection(SolutionConfigurationPlatforms) = preSolution
		Debug|Any CPU = Debug|Any CPU
		Release|Any CPU = Release|Any CPU
	EndGlobalSection
	GlobalSection(ProjectConfigurationPlatforms) = postSolution
		{C65E7552-4657-4FDE-8A43-B35392C11622}.Debug|Any CPU.ActiveCfg = Debug|Any CPU
		{C65E7552-4657-4FDE-8A43-B35392C11622}.Debug|Any CPU.Build.0 = Debug|Any CPU
		{C65E7552-4657-4FDE-8A43-B35392C11622}.Release|Any CPU.ActiveCfg = Release|Any CPU
		{C65E7552-4657-4FDE-8A43-B35392C11622}.Release|Any CPU.Build.0 = Release|Any CPU
	EndGlobalSection
	GlobalSection(SolutionProperties) = preSolution
		HideSolutionNode = FALSE
	EndGlobalSection
	GlobalSection(ExtensibilityGlobals) = postSolution
		SolutionGuid = {A8BA005D-CEC7-42C2-B60F-FBD489C197EF}
	EndGlobalSection
EndGlobal
